{
  "name": "docs",
  "version": "0.0.0",
  "lockfileVersion": 3,
  "requires": true,
  "packages": {
    "": {
      "name": "docs",
      "version": "0.0.0",
      "devDependencies": {
        "@braintree/sanitize-url": "^7.1.2",
        "@fontsource/inter": "^5.2.8",
        "@resvg/resvg-js": "^2.6.2",
        "cytoscape": "^3.33.4",
        "cytoscape-cose-bilkent": "^4.1.0",
        "dayjs": "^1.11.20",
        "debug": "^4.4.3",
        "mermaid": "^11.15.0",
        "satori": "^0.26.0",
        "vitepress": "^1.3.1",
        "vitepress-plugin-mermaid": "^2.0.17",
        "vue": "^3.4.31"
      }
    },
    "../node_modules/.pnpm/@braintree+sanitize-url@7.1.2/node_modules/@braintree/sanitize-url": {
      "version": "7.1.2",
      "dev": true,
      "license": "MIT",
      "devDependencies": {
        "@types/jest": "^30.0.0",
        "@types/node": "^24.0.0",
        "@typescript-eslint/eslint-plugin": "^5.54.1",
        "@vitest/coverage-v8": "^4.0.16",
        "chai": "^6.2.2",
        "eslint": "^8.36.0",
        "eslint-config-braintree": "^6.0.0-typescript-prep-rc.2",
        "eslint-plugin-prettier": "^5.5.4",
        "happy-dom": "^20.0.11",
        "prettier": "^3.7.4",
        "typescript": "^5.9.3",
        "vitest": "^4.0.16"
      }
    },
    "../node_modules/.pnpm/@fontsource+inter@5.2.8/node_modules/@fontsource/inter": {
      "version": "5.2.8",
      "dev": true,
      "license": "OFL-1.1",
      "funding": {
        "url": "https://github.com/sponsors/ayuhito"
      }
    },
    "../node_modules/.pnpm/@resvg+resvg-js@2.6.2/node_modules/@resvg/resvg-js": {
      "version": "2.6.2",
      "dev": true,
      "license": "MPL-2.0",
      "devDependencies": {
        "@napi-rs/cli": "^2.18.0",
        "@swc-node/register": "^1.9.0",
        "@swc/core": "^1.4.6",
        "@types/node": "^20.6.5",
        "@typescript-eslint/eslint-plugin": "^6.7.2",
        "@typescript-eslint/parser": "^6.7.2",
        "ava": "^5.3.1",
        "copyfiles": "^2.4.1",
        "dts-bundle-generator": "^9.0.0",
        "esbuild": "^0.20.1",
        "eslint": "^8.57.0",
        "eslint-config-prettier": "^8.5.0",
        "eslint-plugin-import": "^2.26.0",
        "eslint-plugin-prettier": "^4.2.1",
        "eslint-plugin-sonarjs": "^0.24.0",
        "husky": "^8.0.0",
        "jimp-compact": "^0.16.1-2",
        "lint-staged": "^15.0.0",
        "node-fetch": "2.x",
        "npm-run-all2": "^6.1.2",
        "prettier": "^2.7.1",
        "typescript": "^5.4.2"
      },
      "engines": {
        "node": ">= 10"
      },
      "optionalDependencies": {
        "@resvg/resvg-js-android-arm-eabi": "2.6.2",
        "@resvg/resvg-js-android-arm64": "2.6.2",
        "@resvg/resvg-js-darwin-arm64": "2.6.2",
        "@resvg/resvg-js-darwin-x64": "2.6.2",
        "@resvg/resvg-js-linux-arm-gnueabihf": "2.6.2",
        "@resvg/resvg-js-linux-arm64-gnu": "2.6.2",
        "@resvg/resvg-js-linux-arm64-musl": "2.6.2",
        "@resvg/resvg-js-linux-x64-gnu": "2.6.2",
        "@resvg/resvg-js-linux-x64-musl": "2.6.2",
        "@resvg/resvg-js-win32-arm64-msvc": "2.6.2",
        "@resvg/resvg-js-win32-ia32-msvc": "2.6.2",
        "@resvg/resvg-js-win32-x64-msvc": "2.6.2"
      }
    },
    "../node_modules/.pnpm/cytoscape-cose-bilkent@4.1.0_cytoscape@3.33.4/node_modules/cytoscape-cose-bilkent": {
      "version": "4.1.0",
      "dev": true,
      "license": "MIT",
      "dependencies": {
        "cose-base": "^1.0.0"
      },
      "devDependencies": {
        "babel-core": "^6.24.1",
        "babel-loader": "^7.0.0",
        "babel-preset-env": "^1.5.1",
        "camelcase": "^4.1.0",
        "chai": "4.0.2",
        "cpy-cli": "^1.0.1",
        "cross-env": "^5.0.0",
        "eslint": "^3.9.1",
        "gh-pages": "^1.0.0",
        "mocha": "3.4.2",
        "npm-run-all": "^4.1.2",
        "rimraf": "^2.6.2",
        "update": "^0.7.4",
        "updater-license": "^1.0.0",
        "webpack": "^2.6.1",
        "webpack-dev-server": "^2.4.5"
      },
      "peerDependencies": {
        "cytoscape": "^3.2.0"
      }
    },
    "../node_modules/.pnpm/cytoscape@3.33.4/node_modules/cytoscape": {
      "version": "3.33.4",
      "dev": true,
      "license": "MIT",
      "devDependencies": {
        "@babel/core": "^7.26.0",
        "@babel/preset-env": "^7.26.0",
        "@eslint/js": "^9.18.0",
        "@playwright/test": "^1.49.1",
        "@rollup/plugin-babel": "^6.0.4",
        "@rollup/plugin-commonjs": "^28.0.2",
        "@rollup/plugin-node-resolve": "^16.0.0",
        "@rollup/plugin-replace": "^6.0.2",
        "@rollup/plugin-terser": "^0.4.4",
        "@types/node": "^22.10.7",
        "benchmark": "^2.1.4",
        "bluebird": "^3.5.0",
        "chai": "^5.1.2",
        "cpy-cli": "^5.0.0",
        "cross-env": "^7.0.0",
        "download-cli": "^1.0.5",
        "eslint": "^9.18.0",
        "gh-pages": "^5.0.0",
        "gl-matrix": "^3.4.3",
        "globals": "^15.14.0",
        "handlebars": "^4.7.6",
        "heap": "^0.2.7",
        "highlight.js": "^10.0.0",
        "http-server": "^14.1.1",
        "jsonlint": "^1.6.2",
        "livereload": "^0.9.1",
        "lodash": "^4.17.21",
        "marked": "^4.0.10",
        "mocha": "^11.1.0",
        "npm-run-all": "^4.1.5",
        "rimraf": "^3.0.0",
        "rollup": "^4.31.0",
        "rollup-plugin-license": "^3.5.3"
      },
      "engines": {
        "node": ">=0.10"
      }
    },
    "../node_modules/.pnpm/dayjs@1.11.20/node_modules/dayjs": {
      "version": "1.11.20",
      "dev": true,
      "license": "MIT",
      "devDependencies": {
        "@babel/cli": "^7.0.0-beta.44",
        "@babel/core": "^7.0.0-beta.44",
        "@babel/node": "^7.0.0-beta.44",
        "@babel/preset-env": "^7.0.0-beta.44",
        "@semantic-release/github": "^11.0.4",
        "babel-core": "^7.0.0-bridge.0",
        "babel-jest": "^22.4.3",
        "babel-plugin-external-helpers": "^6.22.0",
        "cross-env": "^5.1.6",
        "eslint": "^4.19.1",
        "eslint-config-airbnb-base": "^12.1.0",
        "eslint-plugin-import": "^2.10.0",
        "eslint-plugin-jest": "^21.15.0",
        "gzip-size-cli": "^2.1.0",
        "jasmine-core": "^2.99.1",
        "jest": "^22.4.3",
        "karma": "^2.0.2",
        "karma-jasmine": "^1.1.2",
        "karma-sauce-launcher": "^1.1.0",
        "mockdate": "^2.0.2",
        "moment": "2.29.2",
        "moment-timezone": "0.5.31",
        "ncp": "^2.0.0",
        "pre-commit": "^1.2.2",
        "prettier": "^1.16.1",
        "rollup": "^2.45.1",
        "rollup-plugin-babel": "^4.4.0",
        "rollup-plugin-terser": "^7.0.2",
        "size-limit": "^0.18.0",
        "typescript": "^2.8.3"
      }
    },
    "../node_modules/.pnpm/debug@4.4.3/node_modules/debug": {
      "version": "4.4.3",
      "dev": true,
      "license": "MIT",
      "dependencies": {
        "ms": "^2.1.3"
      },
      "devDependencies": {
        "brfs": "^2.0.1",
        "browserify": "^16.2.3",
        "coveralls": "^3.0.2",
        "karma": "^3.1.4",
        "karma-browserify": "^6.0.0",
        "karma-chrome-launcher": "^2.2.0",
        "karma-mocha": "^1.3.0",
        "mocha": "^5.2.0",
        "mocha-lcov-reporter": "^1.2.0",
        "sinon": "^14.0.0",
        "xo": "^0.23.0"
      },
      "engines": {
        "node": ">=6.0"
      },
      "peerDependenciesMeta": {
        "supports-color": {
          "optional": true
        }
      }
    },
    "../node_modules/.pnpm/mermaid@11.15.0/node_modules/mermaid": {
      "version": "11.15.0",
      "dev": true,
      "license": "MIT",
      "dependencies": {
        "@braintree/sanitize-url": "^7.1.1",
        "@iconify/utils": "^3.0.2",
        "@mermaid-js/parser": "^1.1.1",
        "@types/d3": "^7.4.3",
        "@upsetjs/venn.js": "^2.0.0",
        "cytoscape": "^3.33.1",
        "cytoscape-cose-bilkent": "^4.1.0",
        "cytoscape-fcose": "^2.2.0",
        "d3": "^7.9.0",
        "d3-sankey": "^0.12.3",
        "dagre-d3-es": "7.0.14",
        "dayjs": "^1.11.19",
        "dompurify": "^3.3.1",
        "es-toolkit": "^1.45.1",
        "katex": "^0.16.25",
        "khroma": "^2.1.0",
        "marked": "^16.3.0",
        "roughjs": "^4.6.6",
        "stylis": "^4.3.6",
        "ts-dedent": "^2.2.0",
        "uuid": "^11.1.0 || ^12 || ^13 || ^14.0.0"
      },
      "devDependencies": {
        "@adobe/jsonschema2md": "^8.0.8",
        "@iconify/types": "^2.0.0",
        "@types/cytoscape": "^3.21.9",
        "@types/cytoscape-fcose": "^2.2.5",
        "@types/d3-sankey": "^0.12.5",
        "@types/d3-scale": "^4.0.9",
        "@types/d3-scale-chromatic": "^3.1.0",
        "@types/d3-selection": "^3.0.11",
        "@types/d3-shape": "^3.1.7",
        "@types/jsdom": "^21.1.7",
        "@types/katex": "^0.16.7",
        "@types/micromatch": "^4.0.10",
        "@types/stylis": "^4.2.7",
        "ajv": "^8.17.1",
        "canvas": "^3.2.0",
        "chokidar": "3.6.0",
        "concurrently": "^9.2.1",
        "csstree-validator": "^4.0.1",
        "globby": "^14.1.0",
        "jison": "^0.4.18",
        "js-base64": "^3.7.8",
        "jsdom": "^26.1.0",
        "json-schema-to-typescript": "^15.0.4",
        "micromatch": "^4.0.8",
        "path-browserify": "^1.0.1",
        "prettier": "^3.6.2",
        "remark": "^15.0.1",
        "remark-frontmatter": "^5.0.0",
        "remark-gfm": "^4.0.1",
        "rimraf": "^6.0.1",
        "start-server-and-test": "^2.1.3",
        "type-fest": "^4.41.0",
        "typedoc": "^0.28.15",
        "typedoc-plugin-markdown": "^4.8.1",
        "typescript": "~5.7.3",
        "unist-util-flatmap": "^1.0.0",
        "unist-util-visit": "^5.0.0",
        "vitepress": "^1.6.4",
        "vitepress-plugin-search": "1.0.4-alpha.22"
      }
    },
    "../node_modules/.pnpm/satori@0.26.0/node_modules/satori": {
      "version": "0.26.0",
      "dev": true,
      "license": "MPL-2.0",
      "dependencies": {
        "@shuding/opentype.js": "1.4.0-beta.0",
        "css-background-parser": "^0.1.0",
        "css-box-shadow": "1.0.0-3",
        "css-gradient-parser": "^0.0.17",
        "css-to-react-native": "^3.0.0",
        "emoji-regex-xs": "^2.0.1",
        "escape-html": "^1.0.3",
        "linebreak": "^1.1.0",
        "parse-css-color": "^0.2.1",
        "postcss-value-parser": "^4.2.0",
        "yoga-layout": "^3.2.1"
      },
      "devDependencies": {
        "@resvg/resvg-js": "^2.1.0",
        "@types/node": "^16",
        "@types/opentype.js": "^1.3.3",
        "@types/react": "^17.0.38",
        "@typescript-eslint/eslint-plugin": "^5.40.0",
        "@typescript-eslint/parser": "^5.40.0",
        "@vitest/coverage-v8": "^0.32.0",
        "@vitest/ui": "^0.32.0",
        "concurrently": "^7.3.0",
        "esbuild-plugin-replace": "^1.2.0",
        "eslint": "^8.25.0",
        "eslint-plugin-react": "^7.31.10",
        "eslint-plugin-react-hooks": "^4.6.0",
        "husky": "8.0.3",
        "jest-image-snapshot": "^6.1.0",
        "lint-staged": "13.1.0",
        "mitata": "^1.0.34",
        "prettier": "^2.7.1",
        "react": "^17.0.2",
        "sharp": "^0.34.3",
        "tsup": "^7.1.0",
        "turbo": "^1.6.3",
        "twrnc": "^3.4.0",
        "typescript": "^5",
        "vitest": "^0.32.0"
      },
      "engines": {
        "node": ">=16"
      }
    },
    "../node_modules/.pnpm/vitepress-plugin-mermaid@2.0.17_mermaid@11.15.0_vitepress@1.6.4_@algolia+client-search@5.51.0_7tr5dimuvouzdlgeyttxokfmnq/node_modules/vitepress-plugin-mermaid": {
      "version": "2.0.17",
      "dev": true,
      "license": "MIT",
      "devDependencies": {
        "vite-plugin-dts": "^3.0.3",
        "vite-plugin-static-copy": "^0.13.1",
        "vitepress": "^1.0.0"
      },
      "optionalDependencies": {
        "@mermaid-js/mermaid-mindmap": "^9.3.0"
      },
      "peerDependencies": {
        "mermaid": "10 || 11",
        "vitepress": "^1.0.0 || ^1.0.0-alpha"
      }
    },
    "../node_modules/.pnpm/vitepress@1.6.4_@algolia+client-search@5.51.0_@types+node@20.19.41_postcss@8.5.10_search-insi_i3cve754cprzrwb5pp4d7m3soq/node_modules/vitepress": {
      "version": "1.6.4",
      "dev": true,
      "license": "MIT",
      "dependencies": {
        "@docsearch/css": "3.8.2",
        "@docsearch/js": "3.8.2",
        "@iconify-json/simple-icons": "^1.2.21",
        "@shikijs/core": "^2.1.0",
        "@shikijs/transformers": "^2.1.0",
        "@shikijs/types": "^2.1.0",
        "@types/markdown-it": "^14.1.2",
        "@vitejs/plugin-vue": "^5.2.1",
        "@vue/devtools-api": "^7.7.0",
        "@vue/shared": "^3.5.13",
        "@vueuse/core": "^12.4.0",
        "@vueuse/integrations": "^12.4.0",
        "focus-trap": "^7.6.4",
        "mark.js": "8.11.1",
        "minisearch": "^7.1.1",
        "shiki": "^2.1.0",
        "vite": "^5.4.14",
        "vue": "^3.5.13"
      },
      "bin": {
        "vitepress": "bin/vitepress.js"
      },
      "devDependencies": {
        "@clack/prompts": "^0.9.1",
        "@iconify/utils": "^2.2.1",
        "@mdit-vue/plugin-component": "^2.1.3",
        "@mdit-vue/plugin-frontmatter": "^2.1.3",
        "@mdit-vue/plugin-headers": "^2.1.3",
        "@mdit-vue/plugin-sfc": "^2.1.3",
        "@mdit-vue/plugin-title": "^2.1.3",
        "@mdit-vue/plugin-toc": "^2.1.3",
        "@mdit-vue/shared": "^2.1.3",
        "@polka/compression": "^1.0.0-next.28",
        "@rollup/plugin-alias": "^5.1.1",
        "@rollup/plugin-commonjs": "^28.0.2",
        "@rollup/plugin-json": "^6.1.0",
        "@rollup/plugin-node-resolve": "^16.0.0",
        "@rollup/plugin-replace": "^6.0.2",
        "@types/cross-spawn": "^6.0.6",
        "@types/debug": "^4.1.12",
        "@types/fs-extra": "^11.0.4",
        "@types/lodash.template": "^4.5.3",
        "@types/mark.js": "^8.11.12",
        "@types/markdown-it-attrs": "^4.1.3",
        "@types/markdown-it-container": "^2.0.10",
        "@types/markdown-it-emoji": "^3.0.1",
        "@types/micromatch": "^4.0.9",
        "@types/minimist": "^1.2.5",
        "@types/node": "^22.10.7",
        "@types/postcss-prefix-selector": "^1.16.3",
        "@types/prompts": "^2.4.9",
        "chokidar": "^4.0.3",
        "conventional-changelog-cli": "^5.0.0",
        "cross-spawn": "^7.0.6",
        "debug": "^4.4.0",
        "esbuild": "^0.24.2",
        "execa": "^9.5.2",
        "fs-extra": "^11.3.0",
        "get-port": "^7.1.0",
        "gray-matter": "^4.0.3",
        "lint-staged": "^15.4.1",
        "lodash.template": "^4.5.0",
        "lru-cache": "^11.0.2",
        "markdown-it": "^14.1.0",
        "markdown-it-anchor": "^9.2.0",
        "markdown-it-attrs": "^4.3.1",
        "markdown-it-container": "^4.0.0",
        "markdown-it-emoji": "^3.0.0",
        "markdown-it-mathjax3": "^4.3.2",
        "micromatch": "^4.0.8",
        "minimist": "^1.2.8",
        "nanoid": "^5.0.9",
        "ora": "^8.1.1",
        "p-map": "^7.0.3",
        "path-to-regexp": "^6.3.0",
        "picocolors": "^1.1.1",
        "pkg-dir": "^8.0.0",
        "playwright-chromium": "^1.49.1",
        "polka": "^1.0.0-next.28",
        "postcss-prefix-selector": "^2.1.0",
        "prettier": "^3.4.2",
        "prompts": "^2.4.2",
        "punycode": "^2.3.1",
        "rimraf": "^6.0.1",
        "rollup": "^4.31.0",
        "rollup-plugin-dts": "^6.1.1",
        "rollup-plugin-esbuild": "^6.1.1",
        "semver": "^7.6.3",
        "simple-git-hooks": "^2.11.1",
        "sirv": "^3.0.0",
        "sitemap": "^8.0.0",
        "synckit": "^0.9.2",
        "tinyglobby": "^0.2.10",
        "typescript": "^5.7.3",
        "vitest": "^3.0.3",
        "vue-tsc": "^2.2.0",
        "wait-on": "^8.0.2"
      },
      "peerDependencies": {
        "markdown-it-mathjax3": "^4",
        "postcss": "^8"
      },
      "peerDependenciesMeta": {
        "markdown-it-mathjax3": {
          "optional": true
        },
        "postcss": {
          "optional": true
        }
      }
    },
    "../node_modules/.pnpm/vue@3.5.33_typescript@5.9.2/node_modules/vue": {
      "version": "3.5.33",
      "dev": true,
      "license": "MIT",
      "dependencies": {
        "@vue/compiler-dom": "3.5.33",
        "@vue/compiler-sfc": "3.5.33",
        "@vue/runtime-dom": "3.5.33",
        "@vue/server-renderer": "3.5.33",
        "@vue/shared": "3.5.33"
      },
      "peerDependencies": {
        "typescript": "*"
      },
      "peerDependenciesMeta": {
        "typescript": {
          "optional": true
        }
      }
    },
    "node_modules/@braintree/sanitize-url": {
      "resolved": "../node_modules/.pnpm/@braintree+sanitize-url@7.1.2/node_modules/@braintree/sanitize-url",
      "link": true
    },
    "node_modules/@fontsource/inter": {
      "resolved": "../node_modules/.pnpm/@fontsource+inter@5.2.8/node_modules/@fontsource/inter",
      "link": true
    },
    "node_modules/@resvg/resvg-js": {
      "resolved": "../node_modules/.pnpm/@resvg+resvg-js@2.6.2/node_modules/@resvg/resvg-js",
      "link": true
    },
    "node_modules/cytoscape": {
      "resolved": "../node_modules/.pnpm/cytoscape@3.33.4/node_modules/cytoscape",
      "link": true
    },
    "node_modules/cytoscape-cose-bilkent": {
      "resolved": "../node_modules/.pnpm/cytoscape-cose-bilkent@4.1.0_cytoscape@3.33.4/node_modules/cytoscape-cose-bilkent",
      "link": true
    },
    "node_modules/dayjs": {
      "resolved": "../node_modules/.pnpm/dayjs@1.11.20/node_modules/dayjs",
      "link": true
    },
    "node_modules/debug": {
      "resolved": "../node_modules/.pnpm/debug@4.4.3/node_modules/debug",
      "link": true
    },
    "node_modules/mermaid": {
      "resolved": "../node_modules/.pnpm/mermaid@11.15.0/node_modules/mermaid",
      "link": true
    },
    "node_modules/satori": {
      "resolved": "../node_modules/.pnpm/satori@0.26.0/node_modules/satori",
      "link": true
    },
    "node_modules/vitepress": {
      "resolved": "../node_modules/.pnpm/vitepress@1.6.4_@algolia+client-search@5.51.0_@types+node@20.19.41_postcss@8.5.10_search-insi_i3cve754cprzrwb5pp4d7m3soq/node_modules/vitepress",
      "link": true
    },
    "node_modules/vitepress-plugin-mermaid": {
      "resolved": "../node_modules/.pnpm/vitepress-plugin-mermaid@2.0.17_mermaid@11.15.0_vitepress@1.6.4_@algolia+client-search@5.51.0_7tr5dimuvouzdlgeyttxokfmnq/node_modules/vitepress-plugin-mermaid",
      "link": true
    },
    "node_modules/vue": {
      "resolved": "../node_modules/.pnpm/vue@3.5.33_typescript@5.9.2/node_modules/vue",
      "link": true
    }
  }
}
